// !$*UTF8*$!
{
	archiveVersion = 1;
	classes = {
	};
	objectVersion = 56;
	objects = {

/* Begin PBXBuildFile section */
		2014E4DC297DC3EC0005CE7B /* AppDelegate.swift in Sources */ = {isa = PBXBuildFile; fileRef = 2014E4DB297DC3EC0005CE7B /* AppDelegate.swift */; };
		2014E4DE297DC3EC0005CE7B /* SceneDelegate.swift in Sources */ = {isa = PBXBuildFile; fileRef = 2014E4DD297DC3EC0005CE7B /* SceneDelegate.swift */; };
		2014E4E0297DC3EC0005CE7B /* ViewController.swift in Sources */ = {isa = PBXBuildFile; fileRef = 2014E4DF297DC3EC0005CE7B /* ViewController.swift */; };
		2014E4E3297DC3EC0005CE7B /* Main.storyboard in Resources */ = {isa = PBXBuildFile; fileRef = 2014E4E1297DC3EC0005CE7B /* Main.storyboard */; };
		2014E4E5297DC3EE0005CE7B /* Assets.xcassets in Resources */ = {isa = PBXBuildFile; fileRef = 2014E4E4297DC3EE0005CE7B /* Assets.xcassets */; };
		2014E4E8297DC3EE0005CE7B /* LaunchScreen.storyboard in Resources */ = {isa = PBXBuildFile; fileRef = 2014E4E6297DC3EE0005CE7B /* LaunchScreen.storyboard */; };
		2014E4F1297DC40F0005CE7B /* YumemiWeather in Frameworks */ = {isa = PBXBuildFile; productRef = 2014E4F0297DC40F0005CE7B /* YumemiWeather */; };
		2086B56E29886A2C004F060C /* WeatherModel.swift in Sources */ = {isa = PBXBuildFile; fileRef = 2086B56D29886A2C004F060C /* WeatherModel.swift */; };
		20AC270F29942B4700F6FEA4 /* Request.swift in Sources */ = {isa = PBXBuildFile; fileRef = 20AC270E29942B4700F6FEA4 /* Request.swift */; };
		20AC2715299438D600F6FEA4 /* Response.swift in Sources */ = {isa = PBXBuildFile; fileRef = 20AC2714299438D600F6FEA4 /* Response.swift */; };
		20AC27172994390700F6FEA4 /* Weather.swift in Sources */ = {isa = PBXBuildFile; fileRef = 20AC27162994390700F6FEA4 /* Weather.swift */; };
		20C9CE212986306000638EAC /* NewViewController.swift in Sources */ = {isa = PBXBuildFile; fileRef = 20C9CE202986306000638EAC /* NewViewController.swift */; };
/* End PBXBuildFile section */

/* Begin PBXFileReference section */
		2014E4D8297DC3EC0005CE7B /* ios-training.app */ = {isa = PBXFileReference; explicitFileType = wrapper.application; includeInIndex = 0; path = "ios-training.app"; sourceTree = BUILT_PRODUCTS_DIR; };
		2014E4DB297DC3EC0005CE7B /* AppDelegate.swift */ = {isa = PBXFileReference; lastKnownFileType = sourcecode.swift; path = AppDelegate.swift; sourceTree = "<group>"; };
		2014E4DD297DC3EC0005CE7B /* SceneDelegate.swift */ = {isa = PBXFileReference; lastKnownFileType = sourcecode.swift; path = SceneDelegate.swift; sourceTree = "<group>"; };
		2014E4DF297DC3EC0005CE7B /* ViewController.swift */ = {isa = PBXFileReference; lastKnownFileType = sourcecode.swift; path = ViewController.swift; sourceTree = "<group>"; };
		2014E4E2297DC3EC0005CE7B /* Base */ = {isa = PBXFileReference; lastKnownFileType = file.storyboard; name = Base; path = Base.lproj/Main.storyboard; sourceTree = "<group>"; };
		2014E4E4297DC3EE0005CE7B /* Assets.xcassets */ = {isa = PBXFileReference; lastKnownFileType = folder.assetcatalog; path = Assets.xcassets; sourceTree = "<group>"; };
		2014E4E7297DC3EE0005CE7B /* Base */ = {isa = PBXFileReference; lastKnownFileType = file.storyboard; name = Base; path = Base.lproj/LaunchScreen.storyboard; sourceTree = "<group>"; };
		2014E4E9297DC3EF0005CE7B /* Info.plist */ = {isa = PBXFileReference; lastKnownFileType = text.plist.xml; path = Info.plist; sourceTree = "<group>"; };
		2086B56D29886A2C004F060C /* WeatherModel.swift */ = {isa = PBXFileReference; lastKnownFileType = sourcecode.swift; path = WeatherModel.swift; sourceTree = "<group>"; };
		20AC270E29942B4700F6FEA4 /* Request.swift */ = {isa = PBXFileReference; lastKnownFileType = sourcecode.swift; path = Request.swift; sourceTree = "<group>"; };
		20AC2714299438D600F6FEA4 /* Response.swift */ = {isa = PBXFileReference; lastKnownFileType = sourcecode.swift; path = Response.swift; sourceTree = "<group>"; };
		20AC27162994390700F6FEA4 /* Weather.swift */ = {isa = PBXFileReference; lastKnownFileType = sourcecode.swift; path = Weather.swift; sourceTree = "<group>"; };
		20C9CE202986306000638EAC /* NewViewController.swift */ = {isa = PBXFileReference; fileEncoding = 4; lastKnownFileType = sourcecode.swift; path = NewViewController.swift; sourceTree = "<group>"; };
/* End PBXFileReference section */

/* Begin PBXFrameworksBuildPhase section */
		2014E4D5297DC3EC0005CE7B /* Frameworks */ = {
			isa = PBXFrameworksBuildPhase;
			buildActionMask = 2147483647;
			files = (
				2014E4F1297DC40F0005CE7B /* YumemiWeather in Frameworks */,
			);
			runOnlyForDeploymentPostprocessing = 0;
		};
/* End PBXFrameworksBuildPhase section */

/* Begin PBXGroup section */
		2014E4CF297DC3EC0005CE7B = {
			isa = PBXGroup;
			children = (
				2014E4DA297DC3EC0005CE7B /* ios-training */,
				2014E4D9297DC3EC0005CE7B /* Products */,
			);
			sourceTree = "<group>";
		};
		2014E4D9297DC3EC0005CE7B /* Products */ = {
			isa = PBXGroup;
			children = (
				2014E4D8297DC3EC0005CE7B /* ios-training.app */,
			);
			name = Products;
			sourceTree = "<group>";
		};
		2014E4DA297DC3EC0005CE7B /* ios-training */ = {
			isa = PBXGroup;
			children = (
				2014E4DB297DC3EC0005CE7B /* AppDelegate.swift */,
				2014E4DD297DC3EC0005CE7B /* SceneDelegate.swift */,
				2086B5702988A416004F060C /* Model */,
				2086B5712988A426004F060C /* View */,
				2086B56F2988A3E9004F060C /* Controller */,
				20AC270D29942B2600F6FEA4 /* Data */,
				2014E4E4297DC3EE0005CE7B /* Assets.xcassets */,
				2014E4E6297DC3EE0005CE7B /* LaunchScreen.storyboard */,
				2014E4E9297DC3EF0005CE7B /* Info.plist */,
			);
			path = "ios-training";
			sourceTree = "<group>";
		};
		2086B56F2988A3E9004F060C /* Controller */ = {
			isa = PBXGroup;
			children = (
				20C9CE202986306000638EAC /* NewViewController.swift */,
				2014E4DF297DC3EC0005CE7B /* ViewController.swift */,
			);
			path = Controller;
			sourceTree = "<group>";
		};
		2086B5702988A416004F060C /* Model */ = {
			isa = PBXGroup;
			children = (
				2086B56D29886A2C004F060C /* WeatherModel.swift */,
			);
			path = Model;
			sourceTree = "<group>";
		};
		2086B5712988A426004F060C /* View */ = {
			isa = PBXGroup;
			children = (
				2014E4E1297DC3EC0005CE7B /* Main.storyboard */,
			);
			path = View;
			sourceTree = "<group>";
		};
		20AC270D29942B2600F6FEA4 /* Data */ = {
			isa = PBXGroup;
			children = (
				20AC270E29942B4700F6FEA4 /* Request.swift */,
				20AC2714299438D600F6FEA4 /* Response.swift */,
				20AC27162994390700F6FEA4 /* Weather.swift */,
			);
			path = Data;
			sourceTree = "<group>";
		};
/* End PBXGroup section */

/* Begin PBXNativeTarget section */
		2014E4D7297DC3EC0005CE7B /* ios-training */ = {
			isa = PBXNativeTarget;
			buildConfigurationList = 2014E4EC297DC3EF0005CE7B /* Build configuration list for PBXNativeTarget "ios-training" */;
			buildPhases = (
				2014E4D4297DC3EC0005CE7B /* Sources */,
				2014E4D5297DC3EC0005CE7B /* Frameworks */,
				2014E4D6297DC3EC0005CE7B /* Resources */,
			);
			buildRules = (
			);
			dependencies = (
			);
			name = "ios-training";
			packageProductDependencies = (
				2014E4F0297DC40F0005CE7B /* YumemiWeather */,
			);
			productName = "ios-training";
			productReference = 2014E4D8297DC3EC0005CE7B /* ios-training.app */;
			productType = "com.apple.product-type.application";
		};
/* End PBXNativeTarget section */

/* Begin PBXProject section */
		2014E4D0297DC3EC0005CE7B /* Project object */ = {
			isa = PBXProject;
			attributes = {
				BuildIndependentTargetsInParallel = 1;
				LastSwiftUpdateCheck = 1420;
				LastUpgradeCheck = 1420;
				TargetAttributes = {
					2014E4D7297DC3EC0005CE7B = {
						CreatedOnToolsVersion = 14.2;
					};
				};
			};
			buildConfigurationList = 2014E4D3297DC3EC0005CE7B /* Build configuration list for PBXProject "ios-training" */;
			compatibilityVersion = "Xcode 14.0";
			developmentRegion = en;
			hasScannedForEncodings = 0;
			knownRegions = (
				en,
				Base,
			);
			mainGroup = 2014E4CF297DC3EC0005CE7B;
			packageReferences = (
				2014E4EF297DC40F0005CE7B /* XCRemoteSwiftPackageReference "ios-training" */,
			);
			productRefGroup = 2014E4D9297DC3EC0005CE7B /* Products */;
			projectDirPath = "";
			projectRoot = "";
			targets = (
				2014E4D7297DC3EC0005CE7B /* ios-training */,
			);
		};
/* End PBXProject section */

/* Begin PBXResourcesBuildPhase section */
		2014E4D6297DC3EC0005CE7B /* Resources */ = {
			isa = PBXResourcesBuildPhase;
			buildActionMask = 2147483647;
			files = (
				2014E4E8297DC3EE0005CE7B /* LaunchScreen.storyboard in Resources */,
				2014E4E5297DC3EE0005CE7B /* Assets.xcassets in Resources */,
				2014E4E3297DC3EC0005CE7B /* Main.storyboard in Resources */,
			);
			runOnlyForDeploymentPostprocessing = 0;
		};
/* End PBXResourcesBuildPhase section */

/* Begin PBXSourcesBuildPhase section */
		2014E4D4297DC3EC0005CE7B /* Sources */ = {
			isa = PBXSourcesBuildPhase;
			buildActionMask = 2147483647;
			files = (
				20AC2715299438D600F6FEA4 /* Response.swift in Sources */,
				2014E4E0297DC3EC0005CE7B /* ViewController.swift in Sources */,
				20AC270F29942B4700F6FEA4 /* Request.swift in Sources */,
				20AC27172994390700F6FEA4 /* Weather.swift in Sources */,
				2014E4DC297DC3EC0005CE7B /* AppDelegate.swift in Sources */,
				2014E4DE297DC3EC0005CE7B /* SceneDelegate.swift in Sources */,
				20C9CE212986306000638EAC /* NewViewController.swift in Sources */,
				2086B56E29886A2C004F060C /* WeatherModel.swift in Sources */,
			);
			runOnlyForDeploymentPostprocessing = 0;
		};
/* End PBXSourcesBuildPhase section */

/* Begin PBXVariantGroup section */
		2014E4E1297DC3EC0005CE7B /* Main.storyboard */ = {
			isa = PBXVariantGroup;
			children = (
				2014E4E2297DC3EC0005CE7B /* Base */,
			);
			name = Main.storyboard;
			sourceTree = "<group>";
		};
		2014E4E6297DC3EE0005CE7B /* LaunchScreen.storyboard */ = {
			isa = PBXVariantGroup;
			children = (
				2014E4E7297DC3EE0005CE7B /* Base */,
			);
			name = LaunchScreen.storyboard;
			sourceTree = "<group>";
		};
/* End PBXVariantGroup section */

/* Begin XCBuildConfiguration section */
		2014E4EA297DC3EF0005CE7B /* Debug */ = {
			isa = XCBuildConfiguration;
			buildSettings = {
				ALWAYS_SEARCH_USER_PATHS = NO;
				CLANG_ANALYZER_NONNULL = YES;
				CLANG_ANALYZER_NUMBER_OBJECT_CONVERSION = YES_AGGRESSIVE;
				CLANG_CXX_LANGUAGE_STANDARD = "gnu++20";
				CLANG_ENABLE_MODULES = YES;
				CLANG_ENABLE_OBJC_ARC = YES;
				CLANG_ENABLE_OBJC_WEAK = YES;
				CLANG_WARN_BLOCK_CAPTURE_AUTORELEASING = YES;
				CLANG_WARN_BOOL_CONVERSION = YES;
				CLANG_WARN_COMMA = YES;
				CLANG_WARN_CONSTANT_CONVERSION = YES;
				CLANG_WARN_DEPRECATED_OBJC_IMPLEMENTATIONS = YES;
				CLANG_WARN_DIRECT_OBJC_ISA_USAGE = YES_ERROR;
				CLANG_WARN_DOCUMENTATION_COMMENTS = YES;
				CLANG_WARN_EMPTY_BODY = YES;
				CLANG_WARN_ENUM_CONVERSION = YES;
				CLANG_WARN_INFINITE_RECURSION = YES;
				CLANG_WARN_INT_CONVERSION = YES;
				CLANG_WARN_NON_LITERAL_NULL_CONVERSION = YES;
				CLANG_WARN_OBJC_IMPLICIT_RETAIN_SELF = YES;
				CLANG_WARN_OBJC_LITERAL_CONVERSION = YES;
				CLANG_WARN_OBJC_ROOT_CLASS = YES_ERROR;
				CLANG_WARN_QUOTED_INCLUDE_IN_FRAMEWORK_HEADER = YES;
				CLANG_WARN_RANGE_LOOP_ANALYSIS = YES;
				CLANG_WARN_STRICT_PROTOTYPES = YES;
				CLANG_WARN_SUSPICIOUS_MOVE = YES;
				CLANG_WARN_UNGUARDED_AVAILABILITY = YES_AGGRESSIVE;
				CLANG_WARN_UNREACHABLE_CODE = YES;
				CLANG_WARN__DUPLICATE_METHOD_MATCH = YES;
				COPY_PHASE_STRIP = NO;
				DEBUG_INFORMATION_FORMAT = dwarf;
				ENABLE_STRICT_OBJC_MSGSEND = YES;
				ENABLE_TESTABILITY = YES;
				GCC_C_LANGUAGE_STANDARD = gnu11;
				GCC_DYNAMIC_NO_PIC = NO;
				GCC_NO_COMMON_BLOCKS = YES;
				GCC_OPTIMIZATION_LEVEL = 0;
				GCC_PREPROCESSOR_DEFINITIONS = (
					"DEBUG=1",
					"$(inherited)",
				);
				GCC_WARN_64_TO_32_BIT_CONVERSION = YES;
				GCC_WARN_ABOUT_RETURN_TYPE = YES_ERROR;
				GCC_WARN_UNDECLARED_SELECTOR = YES;
				GCC_WARN_UNINITIALIZED_AUTOS = YES_AGGRESSIVE;
				GCC_WARN_UNUSED_FUNCTION = YES;
				GCC_WARN_UNUSED_VARIABLE = YES;
				IPHONEOS_DEPLOYMENT_TARGET = 15.0;
				MTL_ENABLE_DEBUG_INFO = INCLUDE_SOURCE;
				MTL_FAST_MATH = YES;
				ONLY_ACTIVE_ARCH = YES;
				SDKROOT = iphoneos;
				SWIFT_ACTIVE_COMPILATION_CONDITIONS = DEBUG;
				SWIFT_OPTIMIZATION_LEVEL = "-Onone";
			};
			name = Debug;
		};
		2014E4EB297DC3EF0005CE7B /* Release */ = {
			isa = XCBuildConfiguration;
			buildSettings = {
				ALWAYS_SEARCH_USER_PATHS = NO;
				CLANG_ANALYZER_NONNULL = YES;
				CLANG_ANALYZER_NUMBER_OBJECT_CONVERSION = YES_AGGRESSIVE;
				CLANG_CXX_LANGUAGE_STANDARD = "gnu++20";
				CLANG_ENABLE_MODULES = YES;
				CLANG_ENABLE_OBJC_ARC = YES;
				CLANG_ENABLE_OBJC_WEAK = YES;
				CLANG_WARN_BLOCK_CAPTURE_AUTORELEASING = YES;
				CLANG_WARN_BOOL_CONVERSION = YES;
				CLANG_WARN_COMMA = YES;
				CLANG_WARN_CONSTANT_CONVERSION = YES;
				CLANG_WARN_DEPRECATED_OBJC_IMPLEMENTATIONS = YES;
				CLANG_WARN_DIRECT_OBJC_ISA_USAGE = YES_ERROR;
				CLANG_WARN_DOCUMENTATION_COMMENTS = YES;
				CLANG_WARN_EMPTY_BODY = YES;
				CLANG_WARN_ENUM_CONVERSION = YES;
				CLANG_WARN_INFINITE_RECURSION = YES;
				CLANG_WARN_INT_CONVERSION = YES;
				CLANG_WARN_NON_LITERAL_NULL_CONVERSION = YES;
				CLANG_WARN_OBJC_IMPLICIT_RETAIN_SELF = YES;
				CLANG_WARN_OBJC_LITERAL_CONVERSION = YES;
				CLANG_WARN_OBJC_ROOT_CLASS = YES_ERROR;
				CLANG_WARN_QUOTED_INCLUDE_IN_FRAMEWORK_HEADER = YES;
				CLANG_WARN_RANGE_LOOP_ANALYSIS = YES;
				CLANG_WARN_STRICT_PROTOTYPES = YES;
				CLANG_WARN_SUSPICIOUS_MOVE = YES;
				CLANG_WARN_UNGUARDED_AVAILABILITY = YES_AGGRESSIVE;
				CLANG_WARN_UNREACHABLE_CODE = YES;
				CLANG_WARN__DUPLICATE_METHOD_MATCH = YES;
				COPY_PHASE_STRIP = NO;
				DEBUG_INFORMATION_FORMAT = "dwarf-with-dsym";
				ENABLE_NS_ASSERTIONS = NO;
				ENABLE_STRICT_OBJC_MSGSEND = YES;
				GCC_C_LANGUAGE_STANDARD = gnu11;
				GCC_NO_COMMON_BLOCKS = YES;
				GCC_WARN_64_TO_32_BIT_CONVERSION = YES;
				GCC_WARN_ABOUT_RETURN_TYPE = YES_ERROR;
				GCC_WARN_UNDECLARED_SELECTOR = YES;
				GCC_WARN_UNINITIALIZED_AUTOS = YES_AGGRESSIVE;
				GCC_WARN_UNUSED_FUNCTION = YES;
				GCC_WARN_UNUSED_VARIABLE = YES;
				IPHONEOS_DEPLOYMENT_TARGET = 15.0;
				MTL_ENABLE_DEBUG_INFO = NO;
				MTL_FAST_MATH = YES;
				SDKROOT = iphoneos;
				SWIFT_COMPILATION_MODE = wholemodule;
				SWIFT_OPTIMIZATION_LEVEL = "-O";
				VALIDATE_PRODUCT = YES;
			};
			name = Release;
		};
		2014E4ED297DC3EF0005CE7B /* Debug */ = {
			isa = XCBuildConfiguration;
			buildSettings = {
				ASSETCATALOG_COMPILER_APPICON_NAME = AppIcon;
				ASSETCATALOG_COMPILER_GLOBAL_ACCENT_COLOR_NAME = AccentColor;
				CODE_SIGN_STYLE = Automatic;
				CURRENT_PROJECT_VERSION = 1;
				DEVELOPMENT_TEAM = PHRCK7J5L6;
				GENERATE_INFOPLIST_FILE = YES;
				INFOPLIST_FILE = "ios-training/Info.plist";
				INFOPLIST_KEY_UIApplicationSupportsIndirectInputEvents = YES;
				INFOPLIST_KEY_UILaunchStoryboardName = LaunchScreen;
				INFOPLIST_KEY_UIMainStoryboardFile = Main;
				INFOPLIST_KEY_UISupportedInterfaceOrientations = UIInterfaceOrientationPortrait;
				INFOPLIST_KEY_UISupportedInterfaceOrientations_iPad = "UIInterfaceOrientationLandscapeLeft UIInterfaceOrientationLandscapeRight UIInterfaceOrientationPortrait UIInterfaceOrientationPortraitUpsideDown";
				IPHONEOS_DEPLOYMENT_TARGET = 15.0;
				LD_RUNPATH_SEARCH_PATHS = (
					"$(inherited)",
					"@executable_path/Frameworks",
				);
				MARKETING_VERSION = 1.0;
				PRODUCT_BUNDLE_IDENTIFIER = "com.yumori.ios-training";
				PRODUCT_NAME = "$(TARGET_NAME)";
				SUPPORTED_PLATFORMS = "iphoneos iphonesimulator";
				SUPPORTS_MACCATALYST = NO;
				SUPPORTS_MAC_DESIGNED_FOR_IPHONE_IPAD = NO;
				SWIFT_EMIT_LOC_STRINGS = YES;
				SWIFT_VERSION = 5.0;
				TARGETED_DEVICE_FAMILY = 1;
			};
			name = Debug;
		};
		2014E4EE297DC3EF0005CE7B /* Release */ = {
			isa = XCBuildConfiguration;
			buildSettings = {
				ASSETCATALOG_COMPILER_APPICON_NAME = AppIcon;
				ASSETCATALOG_COMPILER_GLOBAL_ACCENT_COLOR_NAME = AccentColor;
				CODE_SIGN_STYLE = Automatic;
				CURRENT_PROJECT_VERSION = 1;
				DEVELOPMENT_TEAM = PHRCK7J5L6;
				GENERATE_INFOPLIST_FILE = YES;
				INFOPLIST_FILE = "ios-training/Info.plist";
				INFOPLIST_KEY_UIApplicationSupportsIndirectInputEvents = YES;
				INFOPLIST_KEY_UILaunchStoryboardName = LaunchScreen;
				INFOPLIST_KEY_UIMainStoryboardFile = Main;
				INFOPLIST_KEY_UISupportedInterfaceOrientations = UIInterfaceOrientationPortrait;
				INFOPLIST_KEY_UISupportedInterfaceOrientations_iPad = "UIInterfaceOrientationLandscapeLeft UIInterfaceOrientationLandscapeRight UIInterfaceOrientationPortrait UIInterfaceOrientationPortraitUpsideDown";
				IPHONEOS_DEPLOYMENT_TARGET = 15.0;
				LD_RUNPATH_SEARCH_PATHS = (
					"$(inherited)",
					"@executable_path/Frameworks",
				);
				MARKETING_VERSION = 1.0;
				PRODUCT_BUNDLE_IDENTIFIER = "com.yumori.ios-training";
				PRODUCT_NAME = "$(TARGET_NAME)";
				SUPPORTED_PLATFORMS = "iphoneos iphonesimulator";
				SUPPORTS_MACCATALYST = NO;
				SUPPORTS_MAC_DESIGNED_FOR_IPHONE_IPAD = NO;
				SWIFT_EMIT_LOC_STRINGS = YES;
				SWIFT_VERSION = 5.0;
				TARGETED_DEVICE_FAMILY = 1;
			};
			name = Release;
		};
/* End XCBuildConfiguration section */

/* Begin XCConfigurationList section */
		2014E4D3297DC3EC0005CE7B /* Build configuration list for PBXProject "ios-training" */ = {
			isa = XCConfigurationList;
			buildConfigurations = (
				2014E4EA297DC3EF0005CE7B /* Debug */,
				2014E4EB297DC3EF0005CE7B /* Release */,
			);
			defaultConfigurationIsVisible = 0;
			defaultConfigurationName = Release;
		};
		2014E4EC297DC3EF0005CE7B /* Build configuration list for PBXNativeTarget "ios-training" */ = {
			isa = XCConfigurationList;
			buildConfigurations = (
				2014E4ED297DC3EF0005CE7B /* Debug */,
				2014E4EE297DC3EF0005CE7B /* Release */,
			);
			defaultConfigurationIsVisible = 0;
			defaultConfigurationName = Release;
		};
/* End XCConfigurationList section */

/* Begin XCRemoteSwiftPackageReference section */
		2014E4EF297DC40F0005CE7B /* XCRemoteSwiftPackageReference "ios-training" */ = {
			isa = XCRemoteSwiftPackageReference;
			repositoryURL = "https://github.com/yumemi-inc/ios-training.git";
			requirement = {
				branch = main;
				kind = branch;
			};
		};
/* End XCRemoteSwiftPackageReference section */

/* Begin XCSwiftPackageProductDependency section */
		2014E4F0297DC40F0005CE7B /* YumemiWeather */ = {
			isa = XCSwiftPackageProductDependency;
			package = 2014E4EF297DC40F0005CE7B /* XCRemoteSwiftPackageReference "ios-training" */;
			productName = YumemiWeather;
		};
/* End XCSwiftPackageProductDependency section */
	};
	rootObject = 2014E4D0297DC3EC0005CE7B /* Project object */;
}
